{
  "object": {
    "pins": [
      {
        "package": "openssl",
        "repositoryURL": "https://github.com/holzschu/libssh2-for-iOS",
        "state": {
          "branch": "master",
          "revision": "c577cdc4596e7d48f4e2cbe0bb97bcebdc15a6b7",
          "version": null
        }
      }
    ]
  },
  "version": 1
}
