{
  "object": {
    "pins": [
      {
        "package": "FMake",
        "repositoryURL": "https://github.com/yury/FMake",
        "state": {
          "branch": null,
          "revision": "dde3d1798bb00c81db4baff073368a22701a70e2",
          "version": "0.0.14"
        }
      }
    ]
  },
  "version": 1
}
